
Microsoft Visual Studio Solution File, Format Version 12.00
# Visual Studio Version 17
VisualStudioVersion = 17.9.34622.214
MinimumVisualStudioVersion = 10.0.40219.1
Project("{FAE04EC0-301F-11D3-BF4B-00C04F79EFBC}") = "CSharpLectures", "CSharpLectures.csproj", "{826E7762-72E6-43CC-8297-446E168436DC}"
EndProject
Project("{FAE04EC0-301F-11D3-BF4B-00C04F79EFBC}") = "Delegates", "..\Delegates\Delegates.csproj", "{976D444D-6F10-4EAA-9B18-B6E74336D9BD}"
EndProject
Global
	GlobalSection(SolutionConfigurationPlatforms) = preSolution
		Debug|Any CPU = Debug|Any CPU
		Release|Any CPU = Release|Any CPU
	EndGlobalSection
	GlobalSection(ProjectConfigurationPlatforms) = postSolution
		{826E7762-72E6-43CC-8297-446E168436DC}.Debug|Any CPU.ActiveCfg = Debug|Any CPU
		{826E7762-72E6-43CC-8297-446E168436DC}.Debug|Any CPU.Build.0 = Debug|Any CPU
		{826E7762-72E6-43CC-8297-446E168436DC}.Release|Any CPU.ActiveCfg = Release|Any CPU
		{826E7762-72E6-43CC-8297-446E168436DC}.Release|Any CPU.Build.0 = Release|Any CPU
		{976D444D-6F10-4EAA-9B18-B6E74336D9BD}.Debug|Any CPU.ActiveCfg = Debug|Any CPU
		{976D444D-6F10-4EAA-9B18-B6E74336D9BD}.Debug|Any CPU.Build.0 = Debug|Any CPU
		{976D444D-6F10-4EAA-9B18-B6E74336D9BD}.Release|Any CPU.ActiveCfg = Release|Any CPU
		{976D444D-6F10-4EAA-9B18-B6E74336D9BD}.Release|Any CPU.Build.0 = Release|Any CPU
	EndGlobalSection
	GlobalSection(SolutionProperties) = preSolution
		HideSolutionNode = FALSE
	EndGlobalSection
	GlobalSection(ExtensibilityGlobals) = postSolution
		SolutionGuid = {D6973244-4E52-4489-9720-FA294E99481E}
	EndGlobalSection
EndGlobal
